// !$*UTF8*$!
{
	archiveVersion = 1;
	classes = {
	};
	objectVersion = 50;
	objects = {

/* Begin PBXBuildFile section */
		6C9BE29A26CFC6A00080FBBB /* AppDelegate.swift in Sources */ = {isa = PBXBuildFile; fileRef = 6C9BE29926CFC6A00080FBBB /* AppDelegate.swift */; };
		6C9BE29C26CFC6A00080FBBB /* SceneDelegate.swift in Sources */ = {isa = PBXBuildFile; fileRef = 6C9BE29B26CFC6A00080FBBB /* SceneDelegate.swift */; };
		6C9BE2A126CFC6A00080FBBB /* Main.storyboard in Resources */ = {isa = PBXBuildFile; fileRef = 6C9BE29F26CFC6A00080FBBB /* Main.storyboard */; };
		6C9BE2A326CFC6A00080FBBB /* Assets.xcassets in Resources */ = {isa = PBXBuildFile; fileRef = 6C9BE2A226CFC6A00080FBBB /* Assets.xcassets */; };
		6C9BE2A626CFC6A00080FBBB /* LaunchScreen.storyboard in Resources */ = {isa = PBXBuildFile; fileRef = 6C9BE2A426CFC6A00080FBBB /* LaunchScreen.storyboard */; };
		6CD37C4826D02F150060673C /* RegionVC.swift in Sources */ = {isa = PBXBuildFile; fileRef = 6CD37C4726D02F150060673C /* RegionVC.swift */; };
		B4EADB8F26CFFD7E009423DF /* HomeVC.swift in Sources */ = {isa = PBXBuildFile; fileRef = B4EADB8E26CFFD7E009423DF /* HomeVC.swift */; };
		B4EADB9326D0070E009423DF /* NanumBarunpenR.ttf in Resources */ = {isa = PBXBuildFile; fileRef = B4EADB9226D0070E009423DF /* NanumBarunpenR.ttf */; };
		B4EADB9526D0142F009423DF /* InfectionStateModel.swift in Sources */ = {isa = PBXBuildFile; fileRef = B4EADB9426D0142F009423DF /* InfectionStateModel.swift */; };
		B4EADB9726D0166F009423DF /* SndInfectionStateModel.swift in Sources */ = {isa = PBXBuildFile; fileRef = B4EADB9626D0166F009423DF /* SndInfectionStateModel.swift */; };
		B4EADB9926D14324009423DF /* PopUpVC.swift in Sources */ = {isa = PBXBuildFile; fileRef = B4EADB9826D14323009423DF /* PopUpVC.swift */; };
/* End PBXBuildFile section */

/* Begin PBXFileReference section */
		6C9BE29626CFC6A00080FBBB /* COVID-19.app */ = {isa = PBXFileReference; explicitFileType = wrapper.application; includeInIndex = 0; path = "COVID-19.app"; sourceTree = BUILT_PRODUCTS_DIR; };
		6C9BE29926CFC6A00080FBBB /* AppDelegate.swift */ = {isa = PBXFileReference; lastKnownFileType = sourcecode.swift; path = AppDelegate.swift; sourceTree = "<group>"; };
		6C9BE29B26CFC6A00080FBBB /* SceneDelegate.swift */ = {isa = PBXFileReference; lastKnownFileType = sourcecode.swift; path = SceneDelegate.swift; sourceTree = "<group>"; };
		6C9BE2A026CFC6A00080FBBB /* Base */ = {isa = PBXFileReference; lastKnownFileType = file.storyboard; name = Base; path = Base.lproj/Main.storyboard; sourceTree = "<group>"; };
		6C9BE2A226CFC6A00080FBBB /* Assets.xcassets */ = {isa = PBXFileReference; lastKnownFileType = folder.assetcatalog; path = Assets.xcassets; sourceTree = "<group>"; };
		6C9BE2A526CFC6A00080FBBB /* Base */ = {isa = PBXFileReference; lastKnownFileType = file.storyboard; name = Base; path = Base.lproj/LaunchScreen.storyboard; sourceTree = "<group>"; };
		6C9BE2A726CFC6A00080FBBB /* Info.plist */ = {isa = PBXFileReference; lastKnownFileType = text.plist.xml; path = Info.plist; sourceTree = "<group>"; };
		6CD37C4726D02F150060673C /* RegionVC.swift */ = {isa = PBXFileReference; lastKnownFileType = sourcecode.swift; path = RegionVC.swift; sourceTree = "<group>"; };
		B4EADB8E26CFFD7E009423DF /* HomeVC.swift */ = {isa = PBXFileReference; lastKnownFileType = sourcecode.swift; path = HomeVC.swift; sourceTree = "<group>"; };
		B4EADB9226D0070E009423DF /* NanumBarunpenR.ttf */ = {isa = PBXFileReference; lastKnownFileType = file; path = NanumBarunpenR.ttf; sourceTree = "<group>"; };
		B4EADB9426D0142F009423DF /* InfectionStateModel.swift */ = {isa = PBXFileReference; lastKnownFileType = sourcecode.swift; path = InfectionStateModel.swift; sourceTree = "<group>"; };
		B4EADB9626D0166F009423DF /* SndInfectionStateModel.swift */ = {isa = PBXFileReference; lastKnownFileType = sourcecode.swift; path = SndInfectionStateModel.swift; sourceTree = "<group>"; };
		B4EADB9826D14323009423DF /* PopUpVC.swift */ = {isa = PBXFileReference; lastKnownFileType = sourcecode.swift; path = PopUpVC.swift; sourceTree = "<group>"; };
/* End PBXFileReference section */

/* Begin PBXFrameworksBuildPhase section */
		6C9BE29326CFC6A00080FBBB /* Frameworks */ = {
			isa = PBXFrameworksBuildPhase;
			buildActionMask = 2147483647;
			files = (
			);
			runOnlyForDeploymentPostprocessing = 0;
		};
/* End PBXFrameworksBuildPhase section */

/* Begin PBXGroup section */
		6C9BE28D26CFC6A00080FBBB = {
			isa = PBXGroup;
			children = (
				6C9BE29826CFC6A00080FBBB /* COVID-19 */,
				B4EADB9A26D16130009423DF /* PopUpVC */,
				B4EADB9026CFFD89009423DF /* HomeVC */,
				6C9BE29726CFC6A00080FBBB /* Products */,
			);
			sourceTree = "<group>";
		};
		6C9BE29726CFC6A00080FBBB /* Products */ = {
			isa = PBXGroup;
			children = (
				6C9BE29626CFC6A00080FBBB /* COVID-19.app */,
			);
			name = Products;
			sourceTree = "<group>";
		};
		6C9BE29826CFC6A00080FBBB /* COVID-19 */ = {
			isa = PBXGroup;
			children = (
				6C9BE29926CFC6A00080FBBB /* AppDelegate.swift */,
				6C9BE29B26CFC6A00080FBBB /* SceneDelegate.swift */,
				6C9BE29F26CFC6A00080FBBB /* Main.storyboard */,
				6C9BE2A226CFC6A00080FBBB /* Assets.xcassets */,
				6C9BE2A426CFC6A00080FBBB /* LaunchScreen.storyboard */,
				6C9BE2A726CFC6A00080FBBB /* Info.plist */,
				6CD37C4726D02F150060673C /* RegionVC.swift */,
				B4EADB9226D0070E009423DF /* NanumBarunpenR.ttf */,
			);
			path = "COVID-19";
			sourceTree = "<group>";
		};
		B4EADB9026CFFD89009423DF /* HomeVC */ = {
			isa = PBXGroup;
			children = (
				B4EADB9426D0142F009423DF /* InfectionStateModel.swift */,
				B4EADB9626D0166F009423DF /* SndInfectionStateModel.swift */,
				B4EADB8E26CFFD7E009423DF /* HomeVC.swift */,
			);
			path = HomeVC;
			sourceTree = "<group>";
		};
		B4EADB9A26D16130009423DF /* PopUpVC */ = {
			isa = PBXGroup;
			children = (
				B4EADB9826D14323009423DF /* PopUpVC.swift */,
			);
			path = PopUpVC;
			sourceTree = "<group>";
		};
/* End PBXGroup section */

/* Begin PBXNativeTarget section */
		6C9BE29526CFC6A00080FBBB /* COVID-19 */ = {
			isa = PBXNativeTarget;
			buildConfigurationList = 6C9BE2AA26CFC6A00080FBBB /* Build configuration list for PBXNativeTarget "COVID-19" */;
			buildPhases = (
				6C9BE29226CFC6A00080FBBB /* Sources */,
				6C9BE29326CFC6A00080FBBB /* Frameworks */,
				6C9BE29426CFC6A00080FBBB /* Resources */,
			);
			buildRules = (
			);
			dependencies = (
			);
			name = "COVID-19";
			productName = "COVID-19";
			productReference = 6C9BE29626CFC6A00080FBBB /* COVID-19.app */;
			productType = "com.apple.product-type.application";
		};
/* End PBXNativeTarget section */

/* Begin PBXProject section */
		6C9BE28E26CFC6A00080FBBB /* Project object */ = {
			isa = PBXProject;
			attributes = {
				LastSwiftUpdateCheck = 1250;
				LastUpgradeCheck = 1250;
				TargetAttributes = {
					6C9BE29526CFC6A00080FBBB = {
						CreatedOnToolsVersion = 12.5;
					};
				};
			};
			buildConfigurationList = 6C9BE29126CFC6A00080FBBB /* Build configuration list for PBXProject "COVID-19" */;
			compatibilityVersion = "Xcode 9.3";
			developmentRegion = en;
			hasScannedForEncodings = 0;
			knownRegions = (
				en,
				Base,
			);
			mainGroup = 6C9BE28D26CFC6A00080FBBB;
			productRefGroup = 6C9BE29726CFC6A00080FBBB /* Products */;
			projectDirPath = "";
			projectRoot = "";
			targets = (
				6C9BE29526CFC6A00080FBBB /* COVID-19 */,
			);
		};
/* End PBXProject section */

/* Begin PBXResourcesBuildPhase section */
		6C9BE29426CFC6A00080FBBB /* Resources */ = {
			isa = PBXResourcesBuildPhase;
			buildActionMask = 2147483647;
			files = (
				6C9BE2A626CFC6A00080FBBB /* LaunchScreen.storyboard in Resources */,
				6C9BE2A326CFC6A00080FBBB /* Assets.xcassets in Resources */,
				B4EADB9326D0070E009423DF /* NanumBarunpenR.ttf in Resources */,
				6C9BE2A126CFC6A00080FBBB /* Main.storyboard in Resources */,
			);
			runOnlyForDeploymentPostprocessing = 0;
		};
/* End PBXResourcesBuildPhase section */

/* Begin PBXSourcesBuildPhase section */
		6C9BE29226CFC6A00080FBBB /* Sources */ = {
			isa = PBXSourcesBuildPhase;
			buildActionMask = 2147483647;
			files = (
				B4EADB8F26CFFD7E009423DF /* HomeVC.swift in Sources */,
				B4EADB9526D0142F009423DF /* InfectionStateModel.swift in Sources */,
				6CD37C4826D02F150060673C /* RegionVC.swift in Sources */,
				B4EADB9726D0166F009423DF /* SndInfectionStateModel.swift in Sources */,
				B4EADB9926D14324009423DF /* PopUpVC.swift in Sources */,
				6C9BE29A26CFC6A00080FBBB /* AppDelegate.swift in Sources */,
				6C9BE29C26CFC6A00080FBBB /* SceneDelegate.swift in Sources */,
			);
			runOnlyForDeploymentPostprocessing = 0;
		};
/* End PBXSourcesBuildPhase section */

/* Begin PBXVariantGroup section */
		6C9BE29F26CFC6A00080FBBB /* Main.storyboard */ = {
			isa = PBXVariantGroup;
			children = (
				6C9BE2A026CFC6A00080FBBB /* Base */,
			);
			name = Main.storyboard;
			sourceTree = "<group>";
		};
		6C9BE2A426CFC6A00080FBBB /* LaunchScreen.storyboard */ = {
			isa = PBXVariantGroup;
			children = (
				6C9BE2A526CFC6A00080FBBB /* Base */,
			);
			name = LaunchScreen.storyboard;
			sourceTree = "<group>";
		};
/* End PBXVariantGroup section */

/* Begin XCBuildConfiguration section */
		6C9BE2A826CFC6A00080FBBB /* Debug */ = {
			isa = XCBuildConfiguration;
			buildSettings = {
				ALWAYS_SEARCH_USER_PATHS = NO;
				CLANG_ANALYZER_NONNULL = YES;
				CLANG_ANALYZER_NUMBER_OBJECT_CONVERSION = YES_AGGRESSIVE;
				CLANG_CXX_LANGUAGE_STANDARD = "gnu++14";
				CLANG_CXX_LIBRARY = "libc++";
				CLANG_ENABLE_MODULES = YES;
				CLANG_ENABLE_OBJC_ARC = YES;
				CLANG_ENABLE_OBJC_WEAK = YES;
				CLANG_WARN_BLOCK_CAPTURE_AUTORELEASING = YES;
				CLANG_WARN_BOOL_CONVERSION = YES;
				CLANG_WARN_COMMA = YES;
				CLANG_WARN_CONSTANT_CONVERSION = YES;
				CLANG_WARN_DEPRECATED_OBJC_IMPLEMENTATIONS = YES;
				CLANG_WARN_DIRECT_OBJC_ISA_USAGE = YES_ERROR;
				CLANG_WARN_DOCUMENTATION_COMMENTS = YES;
				CLANG_WARN_EMPTY_BODY = YES;
				CLANG_WARN_ENUM_CONVERSION = YES;
				CLANG_WARN_INFINITE_RECURSION = YES;
				CLANG_WARN_INT_CONVERSION = YES;
				CLANG_WARN_NON_LITERAL_NULL_CONVERSION = YES;
				CLANG_WARN_OBJC_IMPLICIT_RETAIN_SELF = YES;
				CLANG_WARN_OBJC_LITERAL_CONVERSION = YES;
				CLANG_WARN_OBJC_ROOT_CLASS = YES_ERROR;
				CLANG_WARN_QUOTED_INCLUDE_IN_FRAMEWORK_HEADER = YES;
				CLANG_WARN_RANGE_LOOP_ANALYSIS = YES;
				CLANG_WARN_STRICT_PROTOTYPES = YES;
				CLANG_WARN_SUSPICIOUS_MOVE = YES;
				CLANG_WARN_UNGUARDED_AVAILABILITY = YES_AGGRESSIVE;
				CLANG_WARN_UNREACHABLE_CODE = YES;
				CLANG_WARN__DUPLICATE_METHOD_MATCH = YES;
				COPY_PHASE_STRIP = NO;
				DEBUG_INFORMATION_FORMAT = dwarf;
				ENABLE_STRICT_OBJC_MSGSEND = YES;
				ENABLE_TESTABILITY = YES;
				GCC_C_LANGUAGE_STANDARD = gnu11;
				GCC_DYNAMIC_NO_PIC = NO;
				GCC_NO_COMMON_BLOCKS = YES;
				GCC_OPTIMIZATION_LEVEL = 0;
				GCC_PREPROCESSOR_DEFINITIONS = (
					"DEBUG=1",
					"$(inherited)",
				);
				GCC_WARN_64_TO_32_BIT_CONVERSION = YES;
				GCC_WARN_ABOUT_RETURN_TYPE = YES_ERROR;
				GCC_WARN_UNDECLARED_SELECTOR = YES;
				GCC_WARN_UNINITIALIZED_AUTOS = YES_AGGRESSIVE;
				GCC_WARN_UNUSED_FUNCTION = YES;
				GCC_WARN_UNUSED_VARIABLE = YES;
				IPHONEOS_DEPLOYMENT_TARGET = 14.5;
				MTL_ENABLE_DEBUG_INFO = INCLUDE_SOURCE;
				MTL_FAST_MATH = YES;
				ONLY_ACTIVE_ARCH = YES;
				SDKROOT = iphoneos;
				SWIFT_ACTIVE_COMPILATION_CONDITIONS = DEBUG;
				SWIFT_OPTIMIZATION_LEVEL = "-Onone";
			};
			name = Debug;
		};
		6C9BE2A926CFC6A00080FBBB /* Release */ = {
			isa = XCBuildConfiguration;
			buildSettings = {
				ALWAYS_SEARCH_USER_PATHS = NO;
				CLANG_ANALYZER_NONNULL = YES;
				CLANG_ANALYZER_NUMBER_OBJECT_CONVERSION = YES_AGGRESSIVE;
				CLANG_CXX_LANGUAGE_STANDARD = "gnu++14";
				CLANG_CXX_LIBRARY = "libc++";
				CLANG_ENABLE_MODULES = YES;
				CLANG_ENABLE_OBJC_ARC = YES;
				CLANG_ENABLE_OBJC_WEAK = YES;
				CLANG_WARN_BLOCK_CAPTURE_AUTORELEASING = YES;
				CLANG_WARN_BOOL_CONVERSION = YES;
				CLANG_WARN_COMMA = YES;
				CLANG_WARN_CONSTANT_CONVERSION = YES;
				CLANG_WARN_DEPRECATED_OBJC_IMPLEMENTATIONS = YES;
				CLANG_WARN_DIRECT_OBJC_ISA_USAGE = YES_ERROR;
				CLANG_WARN_DOCUMENTATION_COMMENTS = YES;
				CLANG_WARN_EMPTY_BODY = YES;
				CLANG_WARN_ENUM_CONVERSION = YES;
				CLANG_WARN_INFINITE_RECURSION = YES;
				CLANG_WARN_INT_CONVERSION = YES;
				CLANG_WARN_NON_LITERAL_NULL_CONVERSION = YES;
				CLANG_WARN_OBJC_IMPLICIT_RETAIN_SELF = YES;
				CLANG_WARN_OBJC_LITERAL_CONVERSION = YES;
				CLANG_WARN_OBJC_ROOT_CLASS = YES_ERROR;
				CLANG_WARN_QUOTED_INCLUDE_IN_FRAMEWORK_HEADER = YES;
				CLANG_WARN_RANGE_LOOP_ANALYSIS = YES;
				CLANG_WARN_STRICT_PROTOTYPES = YES;
				CLANG_WARN_SUSPICIOUS_MOVE = YES;
				CLANG_WARN_UNGUARDED_AVAILABILITY = YES_AGGRESSIVE;
				CLANG_WARN_UNREACHABLE_CODE = YES;
				CLANG_WARN__DUPLICATE_METHOD_MATCH = YES;
				COPY_PHASE_STRIP = NO;
				DEBUG_INFORMATION_FORMAT = "dwarf-with-dsym";
				ENABLE_NS_ASSERTIONS = NO;
				ENABLE_STRICT_OBJC_MSGSEND = YES;
				GCC_C_LANGUAGE_STANDARD = gnu11;
				GCC_NO_COMMON_BLOCKS = YES;
				GCC_WARN_64_TO_32_BIT_CONVERSION = YES;
				GCC_WARN_ABOUT_RETURN_TYPE = YES_ERROR;
				GCC_WARN_UNDECLARED_SELECTOR = YES;
				GCC_WARN_UNINITIALIZED_AUTOS = YES_AGGRESSIVE;
				GCC_WARN_UNUSED_FUNCTION = YES;
				GCC_WARN_UNUSED_VARIABLE = YES;
				IPHONEOS_DEPLOYMENT_TARGET = 14.5;
				MTL_ENABLE_DEBUG_INFO = NO;
				MTL_FAST_MATH = YES;
				SDKROOT = iphoneos;
				SWIFT_COMPILATION_MODE = wholemodule;
				SWIFT_OPTIMIZATION_LEVEL = "-O";
				VALIDATE_PRODUCT = YES;
			};
			name = Release;
		};
		6C9BE2AB26CFC6A00080FBBB /* Debug */ = {
			isa = XCBuildConfiguration;
			buildSettings = {
				ASSETCATALOG_COMPILER_APPICON_NAME = AppIcon;
				ASSETCATALOG_COMPILER_GLOBAL_ACCENT_COLOR_NAME = AccentColor;
				CODE_SIGN_STYLE = Automatic;
				DEVELOPMENT_TEAM = 59RGUS3272;
				INFOPLIST_FILE = "COVID-19/Info.plist";
				LD_RUNPATH_SEARCH_PATHS = (
					"$(inherited)",
					"@executable_path/Frameworks",
				);
				PRODUCT_BUNDLE_IDENTIFIER = "com.hs.COVID-19";
				PRODUCT_NAME = "$(TARGET_NAME)";
				SWIFT_VERSION = 5.0;
				TARGETED_DEVICE_FAMILY = 1;
			};
			name = Debug;
		};
		6C9BE2AC26CFC6A00080FBBB /* Release */ = {
			isa = XCBuildConfiguration;
			buildSettings = {
				ASSETCATALOG_COMPILER_APPICON_NAME = AppIcon;
				ASSETCATALOG_COMPILER_GLOBAL_ACCENT_COLOR_NAME = AccentColor;
				CODE_SIGN_STYLE = Automatic;
				DEVELOPMENT_TEAM = 59RGUS3272;
				INFOPLIST_FILE = "COVID-19/Info.plist";
				LD_RUNPATH_SEARCH_PATHS = (
					"$(inherited)",
					"@executable_path/Frameworks",
				);
				PRODUCT_BUNDLE_IDENTIFIER = "com.hs.COVID-19";
				PRODUCT_NAME = "$(TARGET_NAME)";
				SWIFT_VERSION = 5.0;
				TARGETED_DEVICE_FAMILY = 1;
			};
			name = Release;
		};
/* End XCBuildConfiguration section */

/* Begin XCConfigurationList section */
		6C9BE29126CFC6A00080FBBB /* Build configuration list for PBXProject "COVID-19" */ = {
			isa = XCConfigurationList;
			buildConfigurations = (
				6C9BE2A826CFC6A00080FBBB /* Debug */,
				6C9BE2A926CFC6A00080FBBB /* Release */,
			);
			defaultConfigurationIsVisible = 0;
			defaultConfigurationName = Release;
		};
		6C9BE2AA26CFC6A00080FBBB /* Build configuration list for PBXNativeTarget "COVID-19" */ = {
			isa = XCConfigurationList;
			buildConfigurations = (
				6C9BE2AB26CFC6A00080FBBB /* Debug */,
				6C9BE2AC26CFC6A00080FBBB /* Release */,
			);
			defaultConfigurationIsVisible = 0;
			defaultConfigurationName = Release;
		};
/* End XCConfigurationList section */
	};
	rootObject = 6C9BE28E26CFC6A00080FBBB /* Project object */;
}
